
Microsoft Visual Studio Solution File, Format Version 12.00
# Visual Studio Version 17
VisualStudioVersion = 17.8.34408.163
MinimumVisualStudioVersion = 10.0.40219.1
Project("{9A19103F-16F7-4668-BE54-9A1E7A4F7556}") = "DistributedBanking.Client.API", "DistributedBanking.Client.API\DistributedBanking.Client.API.csproj", "{0DB01F7C-31C8-4FF9-BBEB-887583714B45}"
EndProject
Project("{2150E333-8FDC-42A3-9474-1A3956D46DE8}") = "Submodules", "Submodules", "{930BC173-ADEA-4126-A1BC-D56FCCCF42F9}"
EndProject
Project("{9A19103F-16F7-4668-BE54-9A1E7A4F7556}") = "Contracts", "DistributedBanking.Shared\Contracts\Contracts.csproj", "{9916A784-7034-4B4C-B0DB-3E7757D69926}"
EndProject
Project("{9A19103F-16F7-4668-BE54-9A1E7A4F7556}") = "DistributedBanking.Client.Domain", "DistributedBanking.Client.Domain\DistributedBanking.Client.Domain.csproj", "{5B2D902F-9CD9-4A0B-9F42-C56BBFB201B6}"
EndProject
Project("{9A19103F-16F7-4668-BE54-9A1E7A4F7556}") = "DistributedBanking.Client.Data", "DistributedBanking.Client.Data\DistributedBanking.Client.Data.csproj", "{07382FC9-3519-445E-A900-7442F95C8050}"
EndProject
Project("{9A19103F-16F7-4668-BE54-9A1E7A4F7556}") = "Shared.Data", "DistributedBanking.Shared\Shared.Data\Shared.Data.csproj", "{53E4AA5B-104D-4A45-B271-2CDF4E2FC837}"
EndProject
Project("{FAE04EC0-301F-11D3-BF4B-00C04F79EFBC}") = "Shared.Kafka", "DistributedBanking.Shared\Shared.Kafka\Shared.Kafka.csproj", "{205E7C44-3F88-4782-8C19-DF35221D94E9}"
EndProject
Project("{FAE04EC0-301F-11D3-BF4B-00C04F79EFBC}") = "Shared.Redis", "DistributedBanking.Shared\Shared.Redis\Shared.Redis.csproj", "{64648380-42E5-4CF0-855F-CFF08A838467}"
EndProject
Project("{FAE04EC0-301F-11D3-BF4B-00C04F79EFBC}") = "Shared.Messaging", "DistributedBanking.Shared\Shared.Messaging\Shared.Messaging.csproj", "{F143813A-D1C3-4EFD-8D0A-EBCF61769CFB}"
EndProject
Global
	GlobalSection(SolutionConfigurationPlatforms) = preSolution
		Debug|Any CPU = Debug|Any CPU
		Release|Any CPU = Release|Any CPU
	EndGlobalSection
	GlobalSection(ProjectConfigurationPlatforms) = postSolution
		{0DB01F7C-31C8-4FF9-BBEB-887583714B45}.Debug|Any CPU.ActiveCfg = Debug|Any CPU
		{0DB01F7C-31C8-4FF9-BBEB-887583714B45}.Debug|Any CPU.Build.0 = Debug|Any CPU
		{0DB01F7C-31C8-4FF9-BBEB-887583714B45}.Release|Any CPU.ActiveCfg = Release|Any CPU
		{0DB01F7C-31C8-4FF9-BBEB-887583714B45}.Release|Any CPU.Build.0 = Release|Any CPU
		{9916A784-7034-4B4C-B0DB-3E7757D69926}.Debug|Any CPU.ActiveCfg = Debug|Any CPU
		{9916A784-7034-4B4C-B0DB-3E7757D69926}.Debug|Any CPU.Build.0 = Debug|Any CPU
		{9916A784-7034-4B4C-B0DB-3E7757D69926}.Release|Any CPU.ActiveCfg = Release|Any CPU
		{9916A784-7034-4B4C-B0DB-3E7757D69926}.Release|Any CPU.Build.0 = Release|Any CPU
		{5B2D902F-9CD9-4A0B-9F42-C56BBFB201B6}.Debug|Any CPU.ActiveCfg = Debug|Any CPU
		{5B2D902F-9CD9-4A0B-9F42-C56BBFB201B6}.Debug|Any CPU.Build.0 = Debug|Any CPU
		{5B2D902F-9CD9-4A0B-9F42-C56BBFB201B6}.Release|Any CPU.ActiveCfg = Release|Any CPU
		{5B2D902F-9CD9-4A0B-9F42-C56BBFB201B6}.Release|Any CPU.Build.0 = Release|Any CPU
		{07382FC9-3519-445E-A900-7442F95C8050}.Debug|Any CPU.ActiveCfg = Debug|Any CPU
		{07382FC9-3519-445E-A900-7442F95C8050}.Debug|Any CPU.Build.0 = Debug|Any CPU
		{07382FC9-3519-445E-A900-7442F95C8050}.Release|Any CPU.ActiveCfg = Release|Any CPU
		{07382FC9-3519-445E-A900-7442F95C8050}.Release|Any CPU.Build.0 = Release|Any CPU
		{53E4AA5B-104D-4A45-B271-2CDF4E2FC837}.Debug|Any CPU.ActiveCfg = Debug|Any CPU
		{53E4AA5B-104D-4A45-B271-2CDF4E2FC837}.Debug|Any CPU.Build.0 = Debug|Any CPU
		{53E4AA5B-104D-4A45-B271-2CDF4E2FC837}.Release|Any CPU.ActiveCfg = Release|Any CPU
		{53E4AA5B-104D-4A45-B271-2CDF4E2FC837}.Release|Any CPU.Build.0 = Release|Any CPU
		{205E7C44-3F88-4782-8C19-DF35221D94E9}.Debug|Any CPU.ActiveCfg = Debug|Any CPU
		{205E7C44-3F88-4782-8C19-DF35221D94E9}.Debug|Any CPU.Build.0 = Debug|Any CPU
		{205E7C44-3F88-4782-8C19-DF35221D94E9}.Release|Any CPU.ActiveCfg = Release|Any CPU
		{205E7C44-3F88-4782-8C19-DF35221D94E9}.Release|Any CPU.Build.0 = Release|Any CPU
		{64648380-42E5-4CF0-855F-CFF08A838467}.Debug|Any CPU.ActiveCfg = Debug|Any CPU
		{64648380-42E5-4CF0-855F-CFF08A838467}.Debug|Any CPU.Build.0 = Debug|Any CPU
		{64648380-42E5-4CF0-855F-CFF08A838467}.Release|Any CPU.ActiveCfg = Release|Any CPU
		{64648380-42E5-4CF0-855F-CFF08A838467}.Release|Any CPU.Build.0 = Release|Any CPU
		{F143813A-D1C3-4EFD-8D0A-EBCF61769CFB}.Debug|Any CPU.ActiveCfg = Debug|Any CPU
		{F143813A-D1C3-4EFD-8D0A-EBCF61769CFB}.Debug|Any CPU.Build.0 = Debug|Any CPU
		{F143813A-D1C3-4EFD-8D0A-EBCF61769CFB}.Release|Any CPU.ActiveCfg = Release|Any CPU
		{F143813A-D1C3-4EFD-8D0A-EBCF61769CFB}.Release|Any CPU.Build.0 = Release|Any CPU
	EndGlobalSection
	GlobalSection(SolutionProperties) = preSolution
		HideSolutionNode = FALSE
	EndGlobalSection
	GlobalSection(NestedProjects) = preSolution
		{9916A784-7034-4B4C-B0DB-3E7757D69926} = {930BC173-ADEA-4126-A1BC-D56FCCCF42F9}
		{53E4AA5B-104D-4A45-B271-2CDF4E2FC837} = {930BC173-ADEA-4126-A1BC-D56FCCCF42F9}
		{205E7C44-3F88-4782-8C19-DF35221D94E9} = {930BC173-ADEA-4126-A1BC-D56FCCCF42F9}
		{64648380-42E5-4CF0-855F-CFF08A838467} = {930BC173-ADEA-4126-A1BC-D56FCCCF42F9}
		{F143813A-D1C3-4EFD-8D0A-EBCF61769CFB} = {930BC173-ADEA-4126-A1BC-D56FCCCF42F9}
	EndGlobalSection
	GlobalSection(ExtensibilityGlobals) = postSolution
		SolutionGuid = {73908C15-D326-4925-A037-C6B20BBC6474}
	EndGlobalSection
EndGlobal
